
Microsoft Visual Studio Solution File, Format Version 12.00
# Visual Studio Version 17
VisualStudioVersion = 17.5.33502.453
MinimumVisualStudioVersion = 10.0.40219.1
Project("{FAE04EC0-301F-11D3-BF4B-00C04F79EFBC}") = "DemoApi", "DemoApi.csproj", "{B0EE0D9C-AE6E-4FA9-B20F-6998C411A023}"
EndProject
Global
	GlobalSection(SolutionConfigurationPlatforms) = preSolution
		Debug|Any CPU = Debug|Any CPU
		Release|Any CPU = Release|Any CPU
	EndGlobalSection
	GlobalSection(ProjectConfigurationPlatforms) = postSolution
		{B0EE0D9C-AE6E-4FA9-B20F-6998C411A023}.Debug|Any CPU.ActiveCfg = Debug|Any CPU
		{B0EE0D9C-AE6E-4FA9-B20F-6998C411A023}.Debug|Any CPU.Build.0 = Debug|Any CPU
		{B0EE0D9C-AE6E-4FA9-B20F-6998C411A023}.Release|Any CPU.ActiveCfg = Release|Any CPU
		{B0EE0D9C-AE6E-4FA9-B20F-6998C411A023}.Release|Any CPU.Build.0 = Release|Any CPU
	EndGlobalSection
	GlobalSection(SolutionProperties) = preSolution
		HideSolutionNode = FALSE
	EndGlobalSection
	GlobalSection(ExtensibilityGlobals) = postSolution
		SolutionGuid = {2CE1320F-7A19-47AE-9685-9E97C2D4C8D1}
	EndGlobalSection
EndGlobal
